
Microsoft Visual Studio Solution File, Format Version 12.00
# Visual Studio Version 17
VisualStudioVersion = 17.11.35327.3
MinimumVisualStudioVersion = 10.0.40219.1
Project("{2150E333-8FDC-42A3-9474-1A3956D46DE8}") = "Sollution Items", "Sollution Items", "{7C291EE0-E4AF-4947-AAFF-107855B42565}"
	ProjectSection(SolutionItems) = preProject
		ServiceUrls.txt = ServiceUrls.txt
	EndProjectSection
EndProject
Project("{2150E333-8FDC-42A3-9474-1A3956D46DE8}") = "src", "src", "{33F2E247-FF48-41F8-9670-608416BD4B09}"
EndProject
Project("{2150E333-8FDC-42A3-9474-1A3956D46DE8}") = "AppGateways", "AppGateways", "{4DDACC73-F3AB-43D5-8EBB-7DB790C3C149}"
EndProject
Project("{2150E333-8FDC-42A3-9474-1A3956D46DE8}") = "BuildingsBlocks", "BuildingsBlocks", "{F31AE02C-26B6-430C-A1F5-6DC67EAD7F47}"
EndProject
Project("{2150E333-8FDC-42A3-9474-1A3956D46DE8}") = "Services", "Services", "{DDA2AFC0-DB7C-423B-B622-02DE7C77D872}"
EndProject
Project("{2150E333-8FDC-42A3-9474-1A3956D46DE8}") = "Clients", "Clients", "{5DAEEBA2-F210-4E84-8173-B79D0AA0B166}"
EndProject
Project("{2150E333-8FDC-42A3-9474-1A3956D46DE8}") = "WapApiGateway", "WapApiGateway", "{3DE67D5B-72FF-4A88-8F03-AB54F981DD38}"
EndProject
Project("{9A19103F-16F7-4668-BE54-9A1E7A4F7556}") = "Web.ApiGateway", "src\AppGateways\WebapiGeteWay\Web.ApiGateway\Web.ApiGateway.csproj", "{C18060E1-2EA8-49B9-B2AE-66903558A5D6}"
EndProject
Project("{2150E333-8FDC-42A3-9474-1A3956D46DE8}") = "EventBus", "EventBus", "{972E3509-6158-431E-9CD8-0A150FC0C3A7}"
EndProject
Project("{9A19103F-16F7-4668-BE54-9A1E7A4F7556}") = "EventBus.Base", "src\BuildingsBlocks\EventBus\EventBus.Base\EventBus.Base.csproj", "{A467C3AD-F76E-4276-B388-DD2D1043CB0C}"
EndProject
Project("{9A19103F-16F7-4668-BE54-9A1E7A4F7556}") = "EventBus.Factory", "src\BuildingsBlocks\EventBus\EventBus.Factory\EventBus.Factory.csproj", "{5B1A8375-0057-4E59-9DF4-48CCABA6EFE3}"
EndProject
Project("{9A19103F-16F7-4668-BE54-9A1E7A4F7556}") = "EventBus.AzureServiceBus", "src\BuildingsBlocks\EventBus\EventBus.AzureServiceBus\EventBus.AzureServiceBus.csproj", "{640A10C0-68D2-4827-895D-D0ABDB6D7F90}"
EndProject
Project("{9A19103F-16F7-4668-BE54-9A1E7A4F7556}") = "EventBus.RabbitMQ", "src\BuildingsBlocks\EventBus\EventBus.RabbitMQ\EventBus.RabbitMQ.csproj", "{8CCAD1D5-DB94-4A83-9D5B-42B837982433}"
EndProject
Project("{2150E333-8FDC-42A3-9474-1A3956D46DE8}") = "WebClient", "WebClient", "{0C16967F-41F0-4FE9-BEB6-A4323DFC5D3F}"
EndProject
Project("{9A19103F-16F7-4668-BE54-9A1E7A4F7556}") = "Client.WebApp", "src\Clients\WebClient\Client.WebApp\Client.WebApp.csproj", "{4DC62A41-17F7-4E03-9D96-29EC05F2A978}"
EndProject
Project("{2150E333-8FDC-42A3-9474-1A3956D46DE8}") = "BasketService", "BasketService", "{FCD4B1AD-DFD9-4FB5-ADE3-4DE31305760C}"
EndProject
Project("{9A19103F-16F7-4668-BE54-9A1E7A4F7556}") = "BasketService.Api", "src\Services\BasketService\BasketService.Api\BasketService.Api.csproj", "{98809C31-954E-479A-8370-BE313094B87E}"
EndProject
Project("{2150E333-8FDC-42A3-9474-1A3956D46DE8}") = "CatalogService", "CatalogService", "{D81ED7FA-A89A-43F8-9958-A84E094A8B24}"
EndProject
Project("{9A19103F-16F7-4668-BE54-9A1E7A4F7556}") = "CatalogService.Api", "src\Services\CatalogService\CatalogService.Api\CatalogService.Api.csproj", "{1E85EFA6-DD0A-473D-A181-35C0CDA03BC2}"
EndProject
Project("{9A19103F-16F7-4668-BE54-9A1E7A4F7556}") = "IdentitiyService.Api", "src\Services\IdentityService\IdentitiyService.Api\IdentitiyService.Api.csproj", "{A818A1ED-8008-4F3C-B96A-B859EC194003}"
EndProject
Project("{2150E333-8FDC-42A3-9474-1A3956D46DE8}") = "IdentitiyService", "IdentitiyService", "{877DA8B5-47EC-4797-A149-6214E01D38D3}"
EndProject
Project("{2150E333-8FDC-42A3-9474-1A3956D46DE8}") = "Notification", "Notification", "{B641CC57-0C47-4D38-9825-A070B9CD5FF1}"
EndProject
Project("{9A19103F-16F7-4668-BE54-9A1E7A4F7556}") = "NotificationService", "src\Services\Notification\NotificationService\NotificationService.csproj", "{8C228E5D-2BC2-4FE9-889D-99C0807AA87C}"
EndProject
Project("{2150E333-8FDC-42A3-9474-1A3956D46DE8}") = "OrderService", "OrderService", "{B6835635-ECEC-4AA6-ADAE-5B69391C5C1E}"
EndProject
Project("{9A19103F-16F7-4668-BE54-9A1E7A4F7556}") = "OrderService.Domain", "src\Services\OrderService\OrderService.Domain\OrderService.Domain.csproj", "{64A6E907-A2E9-49FD-9313-3F2E474F00EF}"
EndProject
Project("{9A19103F-16F7-4668-BE54-9A1E7A4F7556}") = "OrderService.Api", "src\Services\OrderService\OrderService.Api\OrderService.Api.csproj", "{90EFE3CB-5F13-4A8A-B6C7-0A0FCAA7A677}"
EndProject
Project("{2150E333-8FDC-42A3-9474-1A3956D46DE8}") = "PaymentService", "PaymentService", "{6F47F53B-F00E-41F8-B163-59D2717078DC}"
EndProject
Project("{9A19103F-16F7-4668-BE54-9A1E7A4F7556}") = "PaymentService.Api", "src\Services\PaymentService\PaymentService.Api\PaymentService.Api.csproj", "{142D3B1D-409F-48C3-8F3F-B71B521E57D8}"
EndProject
Project("{9A19103F-16F7-4668-BE54-9A1E7A4F7556}") = "OrderService.Application", "src\Services\OrderService\OrderService.Application\OrderService.Application.csproj", "{80804033-68B9-460A-A605-BC66FE238643}"
EndProject
Project("{9A19103F-16F7-4668-BE54-9A1E7A4F7556}") = "OrderService.Infrastructure", "src\Services\OrderService\OrderService.Infrastructure\OrderService.Infrastructure.csproj", "{E268B7AB-F278-46E5-984A-DF4204F84CC4}"
EndProject
Global
	GlobalSection(SolutionConfigurationPlatforms) = preSolution
		Debug|Any CPU = Debug|Any CPU
		Release|Any CPU = Release|Any CPU
	EndGlobalSection
	GlobalSection(ProjectConfigurationPlatforms) = postSolution
		{C18060E1-2EA8-49B9-B2AE-66903558A5D6}.Debug|Any CPU.ActiveCfg = Debug|Any CPU
		{C18060E1-2EA8-49B9-B2AE-66903558A5D6}.Debug|Any CPU.Build.0 = Debug|Any CPU
		{C18060E1-2EA8-49B9-B2AE-66903558A5D6}.Release|Any CPU.ActiveCfg = Release|Any CPU
		{C18060E1-2EA8-49B9-B2AE-66903558A5D6}.Release|Any CPU.Build.0 = Release|Any CPU
		{A467C3AD-F76E-4276-B388-DD2D1043CB0C}.Debug|Any CPU.ActiveCfg = Debug|Any CPU
		{A467C3AD-F76E-4276-B388-DD2D1043CB0C}.Debug|Any CPU.Build.0 = Debug|Any CPU
		{A467C3AD-F76E-4276-B388-DD2D1043CB0C}.Release|Any CPU.ActiveCfg = Release|Any CPU
		{A467C3AD-F76E-4276-B388-DD2D1043CB0C}.Release|Any CPU.Build.0 = Release|Any CPU
		{5B1A8375-0057-4E59-9DF4-48CCABA6EFE3}.Debug|Any CPU.ActiveCfg = Debug|Any CPU
		{5B1A8375-0057-4E59-9DF4-48CCABA6EFE3}.Debug|Any CPU.Build.0 = Debug|Any CPU
		{5B1A8375-0057-4E59-9DF4-48CCABA6EFE3}.Release|Any CPU.ActiveCfg = Release|Any CPU
		{5B1A8375-0057-4E59-9DF4-48CCABA6EFE3}.Release|Any CPU.Build.0 = Release|Any CPU
		{640A10C0-68D2-4827-895D-D0ABDB6D7F90}.Debug|Any CPU.ActiveCfg = Debug|Any CPU
		{640A10C0-68D2-4827-895D-D0ABDB6D7F90}.Debug|Any CPU.Build.0 = Debug|Any CPU
		{640A10C0-68D2-4827-895D-D0ABDB6D7F90}.Release|Any CPU.ActiveCfg = Release|Any CPU
		{640A10C0-68D2-4827-895D-D0ABDB6D7F90}.Release|Any CPU.Build.0 = Release|Any CPU
		{8CCAD1D5-DB94-4A83-9D5B-42B837982433}.Debug|Any CPU.ActiveCfg = Debug|Any CPU
		{8CCAD1D5-DB94-4A83-9D5B-42B837982433}.Debug|Any CPU.Build.0 = Debug|Any CPU
		{8CCAD1D5-DB94-4A83-9D5B-42B837982433}.Release|Any CPU.ActiveCfg = Release|Any CPU
		{8CCAD1D5-DB94-4A83-9D5B-42B837982433}.Release|Any CPU.Build.0 = Release|Any CPU
		{4DC62A41-17F7-4E03-9D96-29EC05F2A978}.Debug|Any CPU.ActiveCfg = Debug|Any CPU
		{4DC62A41-17F7-4E03-9D96-29EC05F2A978}.Debug|Any CPU.Build.0 = Debug|Any CPU
		{4DC62A41-17F7-4E03-9D96-29EC05F2A978}.Release|Any CPU.ActiveCfg = Release|Any CPU
		{4DC62A41-17F7-4E03-9D96-29EC05F2A978}.Release|Any CPU.Build.0 = Release|Any CPU
		{98809C31-954E-479A-8370-BE313094B87E}.Debug|Any CPU.ActiveCfg = Debug|Any CPU
		{98809C31-954E-479A-8370-BE313094B87E}.Debug|Any CPU.Build.0 = Debug|Any CPU
		{98809C31-954E-479A-8370-BE313094B87E}.Release|Any CPU.ActiveCfg = Release|Any CPU
		{98809C31-954E-479A-8370-BE313094B87E}.Release|Any CPU.Build.0 = Release|Any CPU
		{1E85EFA6-DD0A-473D-A181-35C0CDA03BC2}.Debug|Any CPU.ActiveCfg = Debug|Any CPU
		{1E85EFA6-DD0A-473D-A181-35C0CDA03BC2}.Debug|Any CPU.Build.0 = Debug|Any CPU
		{1E85EFA6-DD0A-473D-A181-35C0CDA03BC2}.Release|Any CPU.ActiveCfg = Release|Any CPU
		{1E85EFA6-DD0A-473D-A181-35C0CDA03BC2}.Release|Any CPU.Build.0 = Release|Any CPU
		{A818A1ED-8008-4F3C-B96A-B859EC194003}.Debug|Any CPU.ActiveCfg = Debug|Any CPU
		{A818A1ED-8008-4F3C-B96A-B859EC194003}.Debug|Any CPU.Build.0 = Debug|Any CPU
		{A818A1ED-8008-4F3C-B96A-B859EC194003}.Release|Any CPU.ActiveCfg = Release|Any CPU
		{A818A1ED-8008-4F3C-B96A-B859EC194003}.Release|Any CPU.Build.0 = Release|Any CPU
		{8C228E5D-2BC2-4FE9-889D-99C0807AA87C}.Debug|Any CPU.ActiveCfg = Debug|Any CPU
		{8C228E5D-2BC2-4FE9-889D-99C0807AA87C}.Debug|Any CPU.Build.0 = Debug|Any CPU
		{8C228E5D-2BC2-4FE9-889D-99C0807AA87C}.Release|Any CPU.ActiveCfg = Release|Any CPU
		{8C228E5D-2BC2-4FE9-889D-99C0807AA87C}.Release|Any CPU.Build.0 = Release|Any CPU
		{64A6E907-A2E9-49FD-9313-3F2E474F00EF}.Debug|Any CPU.ActiveCfg = Debug|Any CPU
		{64A6E907-A2E9-49FD-9313-3F2E474F00EF}.Debug|Any CPU.Build.0 = Debug|Any CPU
		{64A6E907-A2E9-49FD-9313-3F2E474F00EF}.Release|Any CPU.ActiveCfg = Release|Any CPU
		{64A6E907-A2E9-49FD-9313-3F2E474F00EF}.Release|Any CPU.Build.0 = Release|Any CPU
		{90EFE3CB-5F13-4A8A-B6C7-0A0FCAA7A677}.Debug|Any CPU.ActiveCfg = Debug|Any CPU
		{90EFE3CB-5F13-4A8A-B6C7-0A0FCAA7A677}.Debug|Any CPU.Build.0 = Debug|Any CPU
		{90EFE3CB-5F13-4A8A-B6C7-0A0FCAA7A677}.Release|Any CPU.ActiveCfg = Release|Any CPU
		{90EFE3CB-5F13-4A8A-B6C7-0A0FCAA7A677}.Release|Any CPU.Build.0 = Release|Any CPU
		{142D3B1D-409F-48C3-8F3F-B71B521E57D8}.Debug|Any CPU.ActiveCfg = Debug|Any CPU
		{142D3B1D-409F-48C3-8F3F-B71B521E57D8}.Debug|Any CPU.Build.0 = Debug|Any CPU
		{142D3B1D-409F-48C3-8F3F-B71B521E57D8}.Release|Any CPU.ActiveCfg = Release|Any CPU
		{142D3B1D-409F-48C3-8F3F-B71B521E57D8}.Release|Any CPU.Build.0 = Release|Any CPU
		{80804033-68B9-460A-A605-BC66FE238643}.Debug|Any CPU.ActiveCfg = Debug|Any CPU
		{80804033-68B9-460A-A605-BC66FE238643}.Debug|Any CPU.Build.0 = Debug|Any CPU
		{80804033-68B9-460A-A605-BC66FE238643}.Release|Any CPU.ActiveCfg = Release|Any CPU
		{80804033-68B9-460A-A605-BC66FE238643}.Release|Any CPU.Build.0 = Release|Any CPU
		{E268B7AB-F278-46E5-984A-DF4204F84CC4}.Debug|Any CPU.ActiveCfg = Debug|Any CPU
		{E268B7AB-F278-46E5-984A-DF4204F84CC4}.Debug|Any CPU.Build.0 = Debug|Any CPU
		{E268B7AB-F278-46E5-984A-DF4204F84CC4}.Release|Any CPU.ActiveCfg = Release|Any CPU
		{E268B7AB-F278-46E5-984A-DF4204F84CC4}.Release|Any CPU.Build.0 = Release|Any CPU
	EndGlobalSection
	GlobalSection(SolutionProperties) = preSolution
		HideSolutionNode = FALSE
	EndGlobalSection
	GlobalSection(NestedProjects) = preSolution
		{4DDACC73-F3AB-43D5-8EBB-7DB790C3C149} = {33F2E247-FF48-41F8-9670-608416BD4B09}
		{F31AE02C-26B6-430C-A1F5-6DC67EAD7F47} = {33F2E247-FF48-41F8-9670-608416BD4B09}
		{DDA2AFC0-DB7C-423B-B622-02DE7C77D872} = {33F2E247-FF48-41F8-9670-608416BD4B09}
		{5DAEEBA2-F210-4E84-8173-B79D0AA0B166} = {33F2E247-FF48-41F8-9670-608416BD4B09}
		{3DE67D5B-72FF-4A88-8F03-AB54F981DD38} = {4DDACC73-F3AB-43D5-8EBB-7DB790C3C149}
		{C18060E1-2EA8-49B9-B2AE-66903558A5D6} = {3DE67D5B-72FF-4A88-8F03-AB54F981DD38}
		{972E3509-6158-431E-9CD8-0A150FC0C3A7} = {F31AE02C-26B6-430C-A1F5-6DC67EAD7F47}
		{A467C3AD-F76E-4276-B388-DD2D1043CB0C} = {972E3509-6158-431E-9CD8-0A150FC0C3A7}
		{5B1A8375-0057-4E59-9DF4-48CCABA6EFE3} = {972E3509-6158-431E-9CD8-0A150FC0C3A7}
		{640A10C0-68D2-4827-895D-D0ABDB6D7F90} = {972E3509-6158-431E-9CD8-0A150FC0C3A7}
		{8CCAD1D5-DB94-4A83-9D5B-42B837982433} = {972E3509-6158-431E-9CD8-0A150FC0C3A7}
		{0C16967F-41F0-4FE9-BEB6-A4323DFC5D3F} = {5DAEEBA2-F210-4E84-8173-B79D0AA0B166}
		{4DC62A41-17F7-4E03-9D96-29EC05F2A978} = {0C16967F-41F0-4FE9-BEB6-A4323DFC5D3F}
		{FCD4B1AD-DFD9-4FB5-ADE3-4DE31305760C} = {DDA2AFC0-DB7C-423B-B622-02DE7C77D872}
		{98809C31-954E-479A-8370-BE313094B87E} = {FCD4B1AD-DFD9-4FB5-ADE3-4DE31305760C}
		{D81ED7FA-A89A-43F8-9958-A84E094A8B24} = {DDA2AFC0-DB7C-423B-B622-02DE7C77D872}
		{1E85EFA6-DD0A-473D-A181-35C0CDA03BC2} = {D81ED7FA-A89A-43F8-9958-A84E094A8B24}
		{A818A1ED-8008-4F3C-B96A-B859EC194003} = {877DA8B5-47EC-4797-A149-6214E01D38D3}
		{877DA8B5-47EC-4797-A149-6214E01D38D3} = {DDA2AFC0-DB7C-423B-B622-02DE7C77D872}
		{B641CC57-0C47-4D38-9825-A070B9CD5FF1} = {DDA2AFC0-DB7C-423B-B622-02DE7C77D872}
		{8C228E5D-2BC2-4FE9-889D-99C0807AA87C} = {B641CC57-0C47-4D38-9825-A070B9CD5FF1}
		{B6835635-ECEC-4AA6-ADAE-5B69391C5C1E} = {DDA2AFC0-DB7C-423B-B622-02DE7C77D872}
		{64A6E907-A2E9-49FD-9313-3F2E474F00EF} = {B6835635-ECEC-4AA6-ADAE-5B69391C5C1E}
		{90EFE3CB-5F13-4A8A-B6C7-0A0FCAA7A677} = {B6835635-ECEC-4AA6-ADAE-5B69391C5C1E}
		{6F47F53B-F00E-41F8-B163-59D2717078DC} = {DDA2AFC0-DB7C-423B-B622-02DE7C77D872}
		{142D3B1D-409F-48C3-8F3F-B71B521E57D8} = {6F47F53B-F00E-41F8-B163-59D2717078DC}
		{80804033-68B9-460A-A605-BC66FE238643} = {B6835635-ECEC-4AA6-ADAE-5B69391C5C1E}
		{E268B7AB-F278-46E5-984A-DF4204F84CC4} = {B6835635-ECEC-4AA6-ADAE-5B69391C5C1E}
	EndGlobalSection
	GlobalSection(ExtensibilityGlobals) = postSolution
		SolutionGuid = {29881B38-A5BD-4DAA-BA8B-FDE4C40761F9}
	EndGlobalSection
EndGlobal
